
Microsoft Visual Studio Solution File, Format Version 12.00
# Visual Studio Version 17
VisualStudioVersion = 17.10.35027.167
MinimumVisualStudioVersion = 10.0.40219.1
Project("{9A19103F-16F7-4668-BE54-9A1E7A4F7556}") = "ToDoApp.Domain", "ToDoApp.Domain\ToDoApp.Domain.csproj", "{4E9CC324-C777-43C5-B563-8547FF51ACA1}"
EndProject
Project("{9A19103F-16F7-4668-BE54-9A1E7A4F7556}") = "Todo.Application", "Todo.Application\Todo.Application.csproj", "{2D476787-5E71-4773-B747-604A1A2E0529}"
EndProject
Project("{9A19103F-16F7-4668-BE54-9A1E7A4F7556}") = "TodoApp.Api", "TodoApp.Api\TodoApp.Api.csproj", "{3792D7FC-5DF8-4216-9236-2B83E6826F16}"
EndProject
Global
	GlobalSection(SolutionConfigurationPlatforms) = preSolution
		Debug|Any CPU = Debug|Any CPU
		Release|Any CPU = Release|Any CPU
	EndGlobalSection
	GlobalSection(ProjectConfigurationPlatforms) = postSolution
		{4E9CC324-C777-43C5-B563-8547FF51ACA1}.Debug|Any CPU.ActiveCfg = Debug|Any CPU
		{4E9CC324-C777-43C5-B563-8547FF51ACA1}.Debug|Any CPU.Build.0 = Debug|Any CPU
		{4E9CC324-C777-43C5-B563-8547FF51ACA1}.Release|Any CPU.ActiveCfg = Release|Any CPU
		{4E9CC324-C777-43C5-B563-8547FF51ACA1}.Release|Any CPU.Build.0 = Release|Any CPU
		{2D476787-5E71-4773-B747-604A1A2E0529}.Debug|Any CPU.ActiveCfg = Debug|Any CPU
		{2D476787-5E71-4773-B747-604A1A2E0529}.Debug|Any CPU.Build.0 = Debug|Any CPU
		{2D476787-5E71-4773-B747-604A1A2E0529}.Release|Any CPU.ActiveCfg = Release|Any CPU
		{2D476787-5E71-4773-B747-604A1A2E0529}.Release|Any CPU.Build.0 = Release|Any CPU
		{3792D7FC-5DF8-4216-9236-2B83E6826F16}.Debug|Any CPU.ActiveCfg = Debug|Any CPU
		{3792D7FC-5DF8-4216-9236-2B83E6826F16}.Debug|Any CPU.Build.0 = Debug|Any CPU
		{3792D7FC-5DF8-4216-9236-2B83E6826F16}.Release|Any CPU.ActiveCfg = Release|Any CPU
		{3792D7FC-5DF8-4216-9236-2B83E6826F16}.Release|Any CPU.Build.0 = Release|Any CPU
	EndGlobalSection
	GlobalSection(SolutionProperties) = preSolution
		HideSolutionNode = FALSE
	EndGlobalSection
	GlobalSection(ExtensibilityGlobals) = postSolution
		SolutionGuid = {1C140660-1531-4E3E-9756-B12B7C3ACD3E}
	EndGlobalSection
EndGlobal
